// !$*UTF8*$!
{
	archiveVersion = 1;
	classes = {
	};
	objectVersion = 56;
	objects = {

/* Begin PBXBuildFile section */
		A0280762297C4C1D000C8A01 /* LoLCompanionApp.swift in Sources */ = {isa = PBXBuildFile; fileRef = A0280761297C4C1D000C8A01 /* LoLCompanionApp.swift */; };
		A0280764297C4C1D000C8A01 /* ProcessesView.swift in Sources */ = {isa = PBXBuildFile; fileRef = A0280763297C4C1D000C8A01 /* ProcessesView.swift */; };
		A0280766297C4C1E000C8A01 /* Assets.xcassets in Resources */ = {isa = PBXBuildFile; fileRef = A0280765297C4C1E000C8A01 /* Assets.xcassets */; };
		A0280769297C4C1E000C8A01 /* Preview Assets.xcassets in Resources */ = {isa = PBXBuildFile; fileRef = A0280768297C4C1E000C8A01 /* Preview Assets.xcassets */; };
		A0280771297C4F1F000C8A01 /* CompanionWindowManager.swift in Sources */ = {isa = PBXBuildFile; fileRef = A0280770297C4F1F000C8A01 /* CompanionWindowManager.swift */; };
		A0280779297C5462000C8A01 /* ProcessWatcher.swift in Sources */ = {isa = PBXBuildFile; fileRef = A0280778297C5462000C8A01 /* ProcessWatcher.swift */; };
		A028077B297C586A000C8A01 /* LoLProcesses.swift in Sources */ = {isa = PBXBuildFile; fileRef = A028077A297C586A000C8A01 /* LoLProcesses.swift */; };
		A028078F297C81AD000C8A01 /* LoLManager.swift in Sources */ = {isa = PBXBuildFile; fileRef = A028078E297C81AD000C8A01 /* LoLManager.swift */; };
		A0280791297CA61A000C8A01 /* SummonerView.swift in Sources */ = {isa = PBXBuildFile; fileRef = A0280790297CA61A000C8A01 /* SummonerView.swift */; };
		A0585288297D768B008B9F51 /* Endpoint.swift in Sources */ = {isa = PBXBuildFile; fileRef = A0585287297D768B008B9F51 /* Endpoint.swift */; };
		A058528A297D76A3008B9F51 /* RequestMethod.swift in Sources */ = {isa = PBXBuildFile; fileRef = A0585289297D76A3008B9F51 /* RequestMethod.swift */; };
		A058528C297D76B8008B9F51 /* RequestError.swift in Sources */ = {isa = PBXBuildFile; fileRef = A058528B297D76B8008B9F51 /* RequestError.swift */; };
		A058528E297D76CD008B9F51 /* HTTPClient.swift in Sources */ = {isa = PBXBuildFile; fileRef = A058528D297D76CD008B9F51 /* HTTPClient.swift */; };
		A0585291297D7717008B9F51 /* RiotEndpoint.swift in Sources */ = {isa = PBXBuildFile; fileRef = A0585290297D7717008B9F51 /* RiotEndpoint.swift */; };
		A0585293297D783D008B9F51 /* Summoner.swift in Sources */ = {isa = PBXBuildFile; fileRef = A0585292297D783D008B9F51 /* Summoner.swift */; };
		A0585295297D78C0008B9F51 /* RiotService.swift in Sources */ = {isa = PBXBuildFile; fileRef = A0585294297D78C0008B9F51 /* RiotService.swift */; };
		A0585297297DA3F1008B9F51 /* CompanionView.swift in Sources */ = {isa = PBXBuildFile; fileRef = A0585296297DA3F1008B9F51 /* CompanionView.swift */; };
		A058529F297DB007008B9F51 /* MatchInfo.swift in Sources */ = {isa = PBXBuildFile; fileRef = A058529E297DB007008B9F51 /* MatchInfo.swift */; };
		A05852A1297DB054008B9F51 /* MatchView.swift in Sources */ = {isa = PBXBuildFile; fileRef = A05852A0297DB054008B9F51 /* MatchView.swift */; };
		A0704F98297E99EB00E7B187 /* CompanionWindow.swift in Sources */ = {isa = PBXBuildFile; fileRef = A0704F97297E99EB00E7B187 /* CompanionWindow.swift */; };
		A0704F9B297EAFA700E7B187 /* CGPoint+LoLCompanion.swift in Sources */ = {isa = PBXBuildFile; fileRef = A0704F9A297EAFA700E7B187 /* CGPoint+LoLCompanion.swift */; };
		A0704F9D297EAFCF00E7B187 /* URL+LoLCompanion.swift in Sources */ = {isa = PBXBuildFile; fileRef = A0704F9C297EAFCF00E7B187 /* URL+LoLCompanion.swift */; };
		A0704FA7297F062B00E7B187 /* LoLManager+Local.swift in Sources */ = {isa = PBXBuildFile; fileRef = A0704FA6297F062B00E7B187 /* LoLManager+Local.swift */; };
		A0704FA9297F063600E7B187 /* LoLManager+Network.swift in Sources */ = {isa = PBXBuildFile; fileRef = A0704FA8297F063600E7B187 /* LoLManager+Network.swift */; };
		A08C4FDD2980302E0057C79A /* LoLCompanionColors.swift in Sources */ = {isa = PBXBuildFile; fileRef = A08C4FDC2980302E0057C79A /* LoLCompanionColors.swift */; };
		A08C4FE229803D2D0057C79A /* CustomDivider.swift in Sources */ = {isa = PBXBuildFile; fileRef = A08C4FE129803D2D0057C79A /* CustomDivider.swift */; };
		A08C4FE4298040B00057C79A /* DDragonEndpoint.swift in Sources */ = {isa = PBXBuildFile; fileRef = A08C4FE3298040B00057C79A /* DDragonEndpoint.swift */; };
		A08C4FE62980417D0057C79A /* DDragonService.swift in Sources */ = {isa = PBXBuildFile; fileRef = A08C4FE52980417D0057C79A /* DDragonService.swift */; };
		A08C4FE82980443D0057C79A /* DDragonManager.swift in Sources */ = {isa = PBXBuildFile; fileRef = A08C4FE72980443D0057C79A /* DDragonManager.swift */; };
/* End PBXBuildFile section */

/* Begin PBXFileReference section */
		A028075E297C4C1D000C8A01 /* LoLCompanion.app */ = {isa = PBXFileReference; explicitFileType = wrapper.application; includeInIndex = 0; path = LoLCompanion.app; sourceTree = BUILT_PRODUCTS_DIR; };
		A0280761297C4C1D000C8A01 /* LoLCompanionApp.swift */ = {isa = PBXFileReference; lastKnownFileType = sourcecode.swift; path = LoLCompanionApp.swift; sourceTree = "<group>"; };
		A0280763297C4C1D000C8A01 /* ProcessesView.swift */ = {isa = PBXFileReference; lastKnownFileType = sourcecode.swift; path = ProcessesView.swift; sourceTree = "<group>"; };
		A0280765297C4C1E000C8A01 /* Assets.xcassets */ = {isa = PBXFileReference; lastKnownFileType = folder.assetcatalog; path = Assets.xcassets; sourceTree = "<group>"; };
		A0280768297C4C1E000C8A01 /* Preview Assets.xcassets */ = {isa = PBXFileReference; lastKnownFileType = folder.assetcatalog; path = "Preview Assets.xcassets"; sourceTree = "<group>"; };
		A028076A297C4C1E000C8A01 /* LoLCompanion.entitlements */ = {isa = PBXFileReference; lastKnownFileType = text.plist.entitlements; path = LoLCompanion.entitlements; sourceTree = "<group>"; };
		A0280770297C4F1F000C8A01 /* CompanionWindowManager.swift */ = {isa = PBXFileReference; lastKnownFileType = sourcecode.swift; path = CompanionWindowManager.swift; sourceTree = "<group>"; };
		A0280778297C5462000C8A01 /* ProcessWatcher.swift */ = {isa = PBXFileReference; lastKnownFileType = sourcecode.swift; path = ProcessWatcher.swift; sourceTree = "<group>"; };
		A028077A297C586A000C8A01 /* LoLProcesses.swift */ = {isa = PBXFileReference; lastKnownFileType = sourcecode.swift; path = LoLProcesses.swift; sourceTree = "<group>"; };
		A028078E297C81AD000C8A01 /* LoLManager.swift */ = {isa = PBXFileReference; lastKnownFileType = sourcecode.swift; path = LoLManager.swift; sourceTree = "<group>"; };
		A0280790297CA61A000C8A01 /* SummonerView.swift */ = {isa = PBXFileReference; lastKnownFileType = sourcecode.swift; path = SummonerView.swift; sourceTree = "<group>"; };
		A0585287297D768B008B9F51 /* Endpoint.swift */ = {isa = PBXFileReference; lastKnownFileType = sourcecode.swift; path = Endpoint.swift; sourceTree = "<group>"; };
		A0585289297D76A3008B9F51 /* RequestMethod.swift */ = {isa = PBXFileReference; lastKnownFileType = sourcecode.swift; path = RequestMethod.swift; sourceTree = "<group>"; };
		A058528B297D76B8008B9F51 /* RequestError.swift */ = {isa = PBXFileReference; lastKnownFileType = sourcecode.swift; path = RequestError.swift; sourceTree = "<group>"; };
		A058528D297D76CD008B9F51 /* HTTPClient.swift */ = {isa = PBXFileReference; lastKnownFileType = sourcecode.swift; path = HTTPClient.swift; sourceTree = "<group>"; };
		A0585290297D7717008B9F51 /* RiotEndpoint.swift */ = {isa = PBXFileReference; lastKnownFileType = sourcecode.swift; path = RiotEndpoint.swift; sourceTree = "<group>"; };
		A0585292297D783D008B9F51 /* Summoner.swift */ = {isa = PBXFileReference; lastKnownFileType = sourcecode.swift; path = Summoner.swift; sourceTree = "<group>"; };
		A0585294297D78C0008B9F51 /* RiotService.swift */ = {isa = PBXFileReference; lastKnownFileType = sourcecode.swift; path = RiotService.swift; sourceTree = "<group>"; };
		A0585296297DA3F1008B9F51 /* CompanionView.swift */ = {isa = PBXFileReference; lastKnownFileType = sourcecode.swift; path = CompanionView.swift; sourceTree = "<group>"; };
		A058529E297DB007008B9F51 /* MatchInfo.swift */ = {isa = PBXFileReference; lastKnownFileType = sourcecode.swift; path = MatchInfo.swift; sourceTree = "<group>"; };
		A05852A0297DB054008B9F51 /* MatchView.swift */ = {isa = PBXFileReference; lastKnownFileType = sourcecode.swift; path = MatchView.swift; sourceTree = "<group>"; };
		A0704F97297E99EB00E7B187 /* CompanionWindow.swift */ = {isa = PBXFileReference; lastKnownFileType = sourcecode.swift; path = CompanionWindow.swift; sourceTree = "<group>"; };
		A0704F9A297EAFA700E7B187 /* CGPoint+LoLCompanion.swift */ = {isa = PBXFileReference; lastKnownFileType = sourcecode.swift; path = "CGPoint+LoLCompanion.swift"; sourceTree = "<group>"; };
		A0704F9C297EAFCF00E7B187 /* URL+LoLCompanion.swift */ = {isa = PBXFileReference; lastKnownFileType = sourcecode.swift; path = "URL+LoLCompanion.swift"; sourceTree = "<group>"; };
		A0704FA6297F062B00E7B187 /* LoLManager+Local.swift */ = {isa = PBXFileReference; lastKnownFileType = sourcecode.swift; path = "LoLManager+Local.swift"; sourceTree = "<group>"; };
		A0704FA8297F063600E7B187 /* LoLManager+Network.swift */ = {isa = PBXFileReference; lastKnownFileType = sourcecode.swift; path = "LoLManager+Network.swift"; sourceTree = "<group>"; };
		A08C4FDC2980302E0057C79A /* LoLCompanionColors.swift */ = {isa = PBXFileReference; lastKnownFileType = sourcecode.swift; path = LoLCompanionColors.swift; sourceTree = "<group>"; };
		A08C4FE129803D2D0057C79A /* CustomDivider.swift */ = {isa = PBXFileReference; lastKnownFileType = sourcecode.swift; path = CustomDivider.swift; sourceTree = "<group>"; };
		A08C4FE3298040B00057C79A /* DDragonEndpoint.swift */ = {isa = PBXFileReference; lastKnownFileType = sourcecode.swift; path = DDragonEndpoint.swift; sourceTree = "<group>"; };
		A08C4FE52980417D0057C79A /* DDragonService.swift */ = {isa = PBXFileReference; lastKnownFileType = sourcecode.swift; path = DDragonService.swift; sourceTree = "<group>"; };
		A08C4FE72980443D0057C79A /* DDragonManager.swift */ = {isa = PBXFileReference; lastKnownFileType = sourcecode.swift; path = DDragonManager.swift; sourceTree = "<group>"; };
/* End PBXFileReference section */

/* Begin PBXFrameworksBuildPhase section */
		A028075B297C4C1D000C8A01 /* Frameworks */ = {
			isa = PBXFrameworksBuildPhase;
			buildActionMask = 2147483647;
			files = (
			);
			runOnlyForDeploymentPostprocessing = 0;
		};
/* End PBXFrameworksBuildPhase section */

/* Begin PBXGroup section */
		A0280755297C4C1D000C8A01 = {
			isa = PBXGroup;
			children = (
				A0280760297C4C1D000C8A01 /* LoLCompanion */,
				A028075F297C4C1D000C8A01 /* Products */,
			);
			sourceTree = "<group>";
		};
		A028075F297C4C1D000C8A01 /* Products */ = {
			isa = PBXGroup;
			children = (
				A028075E297C4C1D000C8A01 /* LoLCompanion.app */,
			);
			name = Products;
			sourceTree = "<group>";
		};
		A0280760297C4C1D000C8A01 /* LoLCompanion */ = {
			isa = PBXGroup;
			children = (
				A0585286297D7672008B9F51 /* Network */,
				A0280795297CB8EA000C8A01 /* Model */,
				A0280794297CA704000C8A01 /* Processes */,
				A0280793297CA6EA000C8A01 /* Managers */,
				A0704F96297E99CE00E7B187 /* Companion Window */,
				A0280792297CA6E2000C8A01 /* Views */,
				A0280761297C4C1D000C8A01 /* LoLCompanionApp.swift */,
				A0704F99297EAF9500E7B187 /* Extensions */,
				A0280765297C4C1E000C8A01 /* Assets.xcassets */,
				A028076A297C4C1E000C8A01 /* LoLCompanion.entitlements */,
				A0280767297C4C1E000C8A01 /* Preview Content */,
				A08C4FDC2980302E0057C79A /* LoLCompanionColors.swift */,
			);
			path = LoLCompanion;
			sourceTree = "<group>";
		};
		A0280767297C4C1E000C8A01 /* Preview Content */ = {
			isa = PBXGroup;
			children = (
				A0280768297C4C1E000C8A01 /* Preview Assets.xcassets */,
			);
			path = "Preview Content";
			sourceTree = "<group>";
		};
		A0280792297CA6E2000C8A01 /* Views */ = {
			isa = PBXGroup;
			children = (
				A08C4FDE29803D110057C79A /* Components */,
				A0280763297C4C1D000C8A01 /* ProcessesView.swift */,
				A0585296297DA3F1008B9F51 /* CompanionView.swift */,
				A0280790297CA61A000C8A01 /* SummonerView.swift */,
				A05852A0297DB054008B9F51 /* MatchView.swift */,
			);
			path = Views;
			sourceTree = "<group>";
		};
		A0280793297CA6EA000C8A01 /* Managers */ = {
			isa = PBXGroup;
			children = (
				A028078E297C81AD000C8A01 /* LoLManager.swift */,
				A0704FA6297F062B00E7B187 /* LoLManager+Local.swift */,
				A0704FA8297F063600E7B187 /* LoLManager+Network.swift */,
				A0280770297C4F1F000C8A01 /* CompanionWindowManager.swift */,
				A08C4FE72980443D0057C79A /* DDragonManager.swift */,
			);
			path = Managers;
			sourceTree = "<group>";
		};
		A0280794297CA704000C8A01 /* Processes */ = {
			isa = PBXGroup;
			children = (
				A0280778297C5462000C8A01 /* ProcessWatcher.swift */,
			);
			path = Processes;
			sourceTree = "<group>";
		};
		A0280795297CB8EA000C8A01 /* Model */ = {
			isa = PBXGroup;
			children = (
				A028077A297C586A000C8A01 /* LoLProcesses.swift */,
				A0585292297D783D008B9F51 /* Summoner.swift */,
				A058529E297DB007008B9F51 /* MatchInfo.swift */,
			);
			path = Model;
			sourceTree = "<group>";
		};
		A0585286297D7672008B9F51 /* Network */ = {
			isa = PBXGroup;
			children = (
				A058528F297D76ED008B9F51 /* Base */,
				A0585290297D7717008B9F51 /* RiotEndpoint.swift */,
				A0585294297D78C0008B9F51 /* RiotService.swift */,
				A08C4FE3298040B00057C79A /* DDragonEndpoint.swift */,
				A08C4FE52980417D0057C79A /* DDragonService.swift */,
			);
			path = Network;
			sourceTree = "<group>";
		};
		A058528F297D76ED008B9F51 /* Base */ = {
			isa = PBXGroup;
			children = (
				A0585287297D768B008B9F51 /* Endpoint.swift */,
				A0585289297D76A3008B9F51 /* RequestMethod.swift */,
				A058528B297D76B8008B9F51 /* RequestError.swift */,
				A058528D297D76CD008B9F51 /* HTTPClient.swift */,
			);
			path = Base;
			sourceTree = "<group>";
		};
		A0704F96297E99CE00E7B187 /* Companion Window */ = {
			isa = PBXGroup;
			children = (
				A0704F97297E99EB00E7B187 /* CompanionWindow.swift */,
			);
			path = "Companion Window";
			sourceTree = "<group>";
		};
		A0704F99297EAF9500E7B187 /* Extensions */ = {
			isa = PBXGroup;
			children = (
				A0704F9A297EAFA700E7B187 /* CGPoint+LoLCompanion.swift */,
				A0704F9C297EAFCF00E7B187 /* URL+LoLCompanion.swift */,
			);
			path = Extensions;
			sourceTree = "<group>";
		};
		A08C4FDE29803D110057C79A /* Components */ = {
			isa = PBXGroup;
			children = (
				A08C4FE129803D2D0057C79A /* CustomDivider.swift */,
			);
			path = Components;
			sourceTree = "<group>";
		};
/* End PBXGroup section */

/* Begin PBXNativeTarget section */
		A028075D297C4C1D000C8A01 /* LoLCompanion */ = {
			isa = PBXNativeTarget;
			buildConfigurationList = A028076D297C4C1E000C8A01 /* Build configuration list for PBXNativeTarget "LoLCompanion" */;
			buildPhases = (
				A028075A297C4C1D000C8A01 /* Sources */,
				A028075B297C4C1D000C8A01 /* Frameworks */,
				A028075C297C4C1D000C8A01 /* Resources */,
			);
			buildRules = (
			);
			dependencies = (
			);
			name = LoLCompanion;
			productName = LoLCompanion;
			productReference = A028075E297C4C1D000C8A01 /* LoLCompanion.app */;
			productType = "com.apple.product-type.application";
		};
/* End PBXNativeTarget section */

/* Begin PBXProject section */
		A0280756297C4C1D000C8A01 /* Project object */ = {
			isa = PBXProject;
			attributes = {
				BuildIndependentTargetsInParallel = 1;
				LastSwiftUpdateCheck = 1420;
				LastUpgradeCheck = 1420;
				TargetAttributes = {
					A028075D297C4C1D000C8A01 = {
						CreatedOnToolsVersion = 14.2;
					};
				};
			};
			buildConfigurationList = A0280759297C4C1D000C8A01 /* Build configuration list for PBXProject "LoLCompanion" */;
			compatibilityVersion = "Xcode 14.0";
			developmentRegion = en;
			hasScannedForEncodings = 0;
			knownRegions = (
				en,
				Base,
			);
			mainGroup = A0280755297C4C1D000C8A01;
			productRefGroup = A028075F297C4C1D000C8A01 /* Products */;
			projectDirPath = "";
			projectRoot = "";
			targets = (
				A028075D297C4C1D000C8A01 /* LoLCompanion */,
			);
		};
/* End PBXProject section */

/* Begin PBXResourcesBuildPhase section */
		A028075C297C4C1D000C8A01 /* Resources */ = {
			isa = PBXResourcesBuildPhase;
			buildActionMask = 2147483647;
			files = (
				A0280769297C4C1E000C8A01 /* Preview Assets.xcassets in Resources */,
				A0280766297C4C1E000C8A01 /* Assets.xcassets in Resources */,
			);
			runOnlyForDeploymentPostprocessing = 0;
		};
/* End PBXResourcesBuildPhase section */

/* Begin PBXSourcesBuildPhase section */
		A028075A297C4C1D000C8A01 /* Sources */ = {
			isa = PBXSourcesBuildPhase;
			buildActionMask = 2147483647;
			files = (
				A0585291297D7717008B9F51 /* RiotEndpoint.swift in Sources */,
				A0280779297C5462000C8A01 /* ProcessWatcher.swift in Sources */,
				A0704FA7297F062B00E7B187 /* LoLManager+Local.swift in Sources */,
				A0704F9D297EAFCF00E7B187 /* URL+LoLCompanion.swift in Sources */,
				A08C4FE82980443D0057C79A /* DDragonManager.swift in Sources */,
				A0585293297D783D008B9F51 /* Summoner.swift in Sources */,
				A0704FA9297F063600E7B187 /* LoLManager+Network.swift in Sources */,
				A058529F297DB007008B9F51 /* MatchInfo.swift in Sources */,
				A028077B297C586A000C8A01 /* LoLProcesses.swift in Sources */,
				A08C4FE229803D2D0057C79A /* CustomDivider.swift in Sources */,
				A058528E297D76CD008B9F51 /* HTTPClient.swift in Sources */,
				A0585288297D768B008B9F51 /* Endpoint.swift in Sources */,
				A0280764297C4C1D000C8A01 /* ProcessesView.swift in Sources */,
				A0585297297DA3F1008B9F51 /* CompanionView.swift in Sources */,
				A0585295297D78C0008B9F51 /* RiotService.swift in Sources */,
				A05852A1297DB054008B9F51 /* MatchView.swift in Sources */,
				A08C4FE4298040B00057C79A /* DDragonEndpoint.swift in Sources */,
				A0280762297C4C1D000C8A01 /* LoLCompanionApp.swift in Sources */,
				A0280771297C4F1F000C8A01 /* CompanionWindowManager.swift in Sources */,
				A058528C297D76B8008B9F51 /* RequestError.swift in Sources */,
				A0704F98297E99EB00E7B187 /* CompanionWindow.swift in Sources */,
				A028078F297C81AD000C8A01 /* LoLManager.swift in Sources */,
				A08C4FDD2980302E0057C79A /* LoLCompanionColors.swift in Sources */,
				A058528A297D76A3008B9F51 /* RequestMethod.swift in Sources */,
				A08C4FE62980417D0057C79A /* DDragonService.swift in Sources */,
				A0704F9B297EAFA700E7B187 /* CGPoint+LoLCompanion.swift in Sources */,
				A0280791297CA61A000C8A01 /* SummonerView.swift in Sources */,
			);
			runOnlyForDeploymentPostprocessing = 0;
		};
/* End PBXSourcesBuildPhase section */

/* Begin XCBuildConfiguration section */
		A028076B297C4C1E000C8A01 /* Debug */ = {
			isa = XCBuildConfiguration;
			buildSettings = {
				ALWAYS_SEARCH_USER_PATHS = NO;
				CLANG_ANALYZER_NONNULL = YES;
				CLANG_ANALYZER_NUMBER_OBJECT_CONVERSION = YES_AGGRESSIVE;
				CLANG_CXX_LANGUAGE_STANDARD = "gnu++20";
				CLANG_ENABLE_MODULES = YES;
				CLANG_ENABLE_OBJC_ARC = YES;
				CLANG_ENABLE_OBJC_WEAK = YES;
				CLANG_WARN_BLOCK_CAPTURE_AUTORELEASING = YES;
				CLANG_WARN_BOOL_CONVERSION = YES;
				CLANG_WARN_COMMA = YES;
				CLANG_WARN_CONSTANT_CONVERSION = YES;
				CLANG_WARN_DEPRECATED_OBJC_IMPLEMENTATIONS = YES;
				CLANG_WARN_DIRECT_OBJC_ISA_USAGE = YES_ERROR;
				CLANG_WARN_DOCUMENTATION_COMMENTS = YES;
				CLANG_WARN_EMPTY_BODY = YES;
				CLANG_WARN_ENUM_CONVERSION = YES;
				CLANG_WARN_INFINITE_RECURSION = YES;
				CLANG_WARN_INT_CONVERSION = YES;
				CLANG_WARN_NON_LITERAL_NULL_CONVERSION = YES;
				CLANG_WARN_OBJC_IMPLICIT_RETAIN_SELF = YES;
				CLANG_WARN_OBJC_LITERAL_CONVERSION = YES;
				CLANG_WARN_OBJC_ROOT_CLASS = YES_ERROR;
				CLANG_WARN_QUOTED_INCLUDE_IN_FRAMEWORK_HEADER = YES;
				CLANG_WARN_RANGE_LOOP_ANALYSIS = YES;
				CLANG_WARN_STRICT_PROTOTYPES = YES;
				CLANG_WARN_SUSPICIOUS_MOVE = YES;
				CLANG_WARN_UNGUARDED_AVAILABILITY = YES_AGGRESSIVE;
				CLANG_WARN_UNREACHABLE_CODE = YES;
				CLANG_WARN__DUPLICATE_METHOD_MATCH = YES;
				COPY_PHASE_STRIP = NO;
				DEBUG_INFORMATION_FORMAT = dwarf;
				ENABLE_STRICT_OBJC_MSGSEND = YES;
				ENABLE_TESTABILITY = YES;
				GCC_C_LANGUAGE_STANDARD = gnu11;
				GCC_DYNAMIC_NO_PIC = NO;
				GCC_NO_COMMON_BLOCKS = YES;
				GCC_OPTIMIZATION_LEVEL = 0;
				GCC_PREPROCESSOR_DEFINITIONS = (
					"DEBUG=1",
					"$(inherited)",
				);
				GCC_WARN_64_TO_32_BIT_CONVERSION = YES;
				GCC_WARN_ABOUT_RETURN_TYPE = YES_ERROR;
				GCC_WARN_UNDECLARED_SELECTOR = YES;
				GCC_WARN_UNINITIALIZED_AUTOS = YES_AGGRESSIVE;
				GCC_WARN_UNUSED_FUNCTION = YES;
				GCC_WARN_UNUSED_VARIABLE = YES;
				MACOSX_DEPLOYMENT_TARGET = 13.1;
				MTL_ENABLE_DEBUG_INFO = INCLUDE_SOURCE;
				MTL_FAST_MATH = YES;
				ONLY_ACTIVE_ARCH = YES;
				SDKROOT = macosx;
				SWIFT_ACTIVE_COMPILATION_CONDITIONS = DEBUG;
				SWIFT_OPTIMIZATION_LEVEL = "-Onone";
			};
			name = Debug;
		};
		A028076C297C4C1E000C8A01 /* Release */ = {
			isa = XCBuildConfiguration;
			buildSettings = {
				ALWAYS_SEARCH_USER_PATHS = NO;
				CLANG_ANALYZER_NONNULL = YES;
				CLANG_ANALYZER_NUMBER_OBJECT_CONVERSION = YES_AGGRESSIVE;
				CLANG_CXX_LANGUAGE_STANDARD = "gnu++20";
				CLANG_ENABLE_MODULES = YES;
				CLANG_ENABLE_OBJC_ARC = YES;
				CLANG_ENABLE_OBJC_WEAK = YES;
				CLANG_WARN_BLOCK_CAPTURE_AUTORELEASING = YES;
				CLANG_WARN_BOOL_CONVERSION = YES;
				CLANG_WARN_COMMA = YES;
				CLANG_WARN_CONSTANT_CONVERSION = YES;
				CLANG_WARN_DEPRECATED_OBJC_IMPLEMENTATIONS = YES;
				CLANG_WARN_DIRECT_OBJC_ISA_USAGE = YES_ERROR;
				CLANG_WARN_DOCUMENTATION_COMMENTS = YES;
				CLANG_WARN_EMPTY_BODY = YES;
				CLANG_WARN_ENUM_CONVERSION = YES;
				CLANG_WARN_INFINITE_RECURSION = YES;
				CLANG_WARN_INT_CONVERSION = YES;
				CLANG_WARN_NON_LITERAL_NULL_CONVERSION = YES;
				CLANG_WARN_OBJC_IMPLICIT_RETAIN_SELF = YES;
				CLANG_WARN_OBJC_LITERAL_CONVERSION = YES;
				CLANG_WARN_OBJC_ROOT_CLASS = YES_ERROR;
				CLANG_WARN_QUOTED_INCLUDE_IN_FRAMEWORK_HEADER = YES;
				CLANG_WARN_RANGE_LOOP_ANALYSIS = YES;
				CLANG_WARN_STRICT_PROTOTYPES = YES;
				CLANG_WARN_SUSPICIOUS_MOVE = YES;
				CLANG_WARN_UNGUARDED_AVAILABILITY = YES_AGGRESSIVE;
				CLANG_WARN_UNREACHABLE_CODE = YES;
				CLANG_WARN__DUPLICATE_METHOD_MATCH = YES;
				COPY_PHASE_STRIP = NO;
				DEBUG_INFORMATION_FORMAT = "dwarf-with-dsym";
				ENABLE_NS_ASSERTIONS = NO;
				ENABLE_STRICT_OBJC_MSGSEND = YES;
				GCC_C_LANGUAGE_STANDARD = gnu11;
				GCC_NO_COMMON_BLOCKS = YES;
				GCC_WARN_64_TO_32_BIT_CONVERSION = YES;
				GCC_WARN_ABOUT_RETURN_TYPE = YES_ERROR;
				GCC_WARN_UNDECLARED_SELECTOR = YES;
				GCC_WARN_UNINITIALIZED_AUTOS = YES_AGGRESSIVE;
				GCC_WARN_UNUSED_FUNCTION = YES;
				GCC_WARN_UNUSED_VARIABLE = YES;
				MACOSX_DEPLOYMENT_TARGET = 13.1;
				MTL_ENABLE_DEBUG_INFO = NO;
				MTL_FAST_MATH = YES;
				SDKROOT = macosx;
				SWIFT_COMPILATION_MODE = wholemodule;
				SWIFT_OPTIMIZATION_LEVEL = "-O";
			};
			name = Release;
		};
		A028076E297C4C1E000C8A01 /* Debug */ = {
			isa = XCBuildConfiguration;
			buildSettings = {
				ASSETCATALOG_COMPILER_APPICON_NAME = AppIcon;
				ASSETCATALOG_COMPILER_GLOBAL_ACCENT_COLOR_NAME = AccentColor;
				CODE_SIGN_ENTITLEMENTS = LoLCompanion/LoLCompanion.entitlements;
				CODE_SIGN_STYLE = Automatic;
				COMBINE_HIDPI_IMAGES = YES;
				CURRENT_PROJECT_VERSION = 1;
				DEVELOPMENT_ASSET_PATHS = "\"LoLCompanion/Preview Content\"";
				DEVELOPMENT_TEAM = Y4872UA8FS;
				ENABLE_HARDENED_RUNTIME = YES;
				ENABLE_PREVIEWS = YES;
				GENERATE_INFOPLIST_FILE = YES;
				INFOPLIST_KEY_LSUIElement = YES;
				INFOPLIST_KEY_NSHumanReadableCopyright = "";
				LD_RUNPATH_SEARCH_PATHS = (
					"$(inherited)",
					"@executable_path/../Frameworks",
				);
				MARKETING_VERSION = 1.0;
				PRODUCT_BUNDLE_IDENTIFIER = luis.drmn.co.LoLCompanion;
				PRODUCT_NAME = "$(TARGET_NAME)";
				SWIFT_EMIT_LOC_STRINGS = YES;
				SWIFT_VERSION = 5.0;
			};
			name = Debug;
		};
		A028076F297C4C1E000C8A01 /* Release */ = {
			isa = XCBuildConfiguration;
			buildSettings = {
				ASSETCATALOG_COMPILER_APPICON_NAME = AppIcon;
				ASSETCATALOG_COMPILER_GLOBAL_ACCENT_COLOR_NAME = AccentColor;
				CODE_SIGN_ENTITLEMENTS = LoLCompanion/LoLCompanion.entitlements;
				CODE_SIGN_STYLE = Automatic;
				COMBINE_HIDPI_IMAGES = YES;
				CURRENT_PROJECT_VERSION = 1;
				DEVELOPMENT_ASSET_PATHS = "\"LoLCompanion/Preview Content\"";
				DEVELOPMENT_TEAM = Y4872UA8FS;
				ENABLE_HARDENED_RUNTIME = YES;
				ENABLE_PREVIEWS = YES;
				GENERATE_INFOPLIST_FILE = YES;
				INFOPLIST_KEY_LSUIElement = YES;
				INFOPLIST_KEY_NSHumanReadableCopyright = "";
				LD_RUNPATH_SEARCH_PATHS = (
					"$(inherited)",
					"@executable_path/../Frameworks",
				);
				MARKETING_VERSION = 1.0;
				PRODUCT_BUNDLE_IDENTIFIER = luis.drmn.co.LoLCompanion;
				PRODUCT_NAME = "$(TARGET_NAME)";
				SWIFT_EMIT_LOC_STRINGS = YES;
				SWIFT_VERSION = 5.0;
			};
			name = Release;
		};
/* End XCBuildConfiguration section */

/* Begin XCConfigurationList section */
		A0280759297C4C1D000C8A01 /* Build configuration list for PBXProject "LoLCompanion" */ = {
			isa = XCConfigurationList;
			buildConfigurations = (
				A028076B297C4C1E000C8A01 /* Debug */,
				A028076C297C4C1E000C8A01 /* Release */,
			);
			defaultConfigurationIsVisible = 0;
			defaultConfigurationName = Release;
		};
		A028076D297C4C1E000C8A01 /* Build configuration list for PBXNativeTarget "LoLCompanion" */ = {
			isa = XCConfigurationList;
			buildConfigurations = (
				A028076E297C4C1E000C8A01 /* Debug */,
				A028076F297C4C1E000C8A01 /* Release */,
			);
			defaultConfigurationIsVisible = 0;
			defaultConfigurationName = Release;
		};
/* End XCConfigurationList section */
	};
	rootObject = A0280756297C4C1D000C8A01 /* Project object */;
}
